
Microsoft Visual Studio Solution File, Format Version 12.00
# Visual Studio Version 17
VisualStudioVersion = 17.14.36518.9 d17.14
MinimumVisualStudioVersion = 10.0.40219.1
Project("{FAE04EC0-301F-11D3-BF4B-00C04F79EFBC}") = "PrintserviceHeadless", "PrintserviceHeadless\PrintserviceHeadless.csproj", "{63859360-994D-4A5C-8285-92CD7CD779C1}"
EndProject
Global
	GlobalSection(SolutionConfigurationPlatforms) = preSolution
		Debug|Any CPU = Debug|Any CPU
		Release|Any CPU = Release|Any CPU
	EndGlobalSection
	GlobalSection(ProjectConfigurationPlatforms) = postSolution
		{63859360-994D-4A5C-8285-92CD7CD779C1}.Debug|Any CPU.ActiveCfg = Debug|Any CPU
		{63859360-994D-4A5C-8285-92CD7CD779C1}.Debug|Any CPU.Build.0 = Debug|Any CPU
		{63859360-994D-4A5C-8285-92CD7CD779C1}.Release|Any CPU.ActiveCfg = Release|Any CPU
		{63859360-994D-4A5C-8285-92CD7CD779C1}.Release|Any CPU.Build.0 = Release|Any CPU
	EndGlobalSection
	GlobalSection(SolutionProperties) = preSolution
		HideSolutionNode = FALSE
	EndGlobalSection
	GlobalSection(ExtensibilityGlobals) = postSolution
		SolutionGuid = {DD9BE4E4-26A7-42E0-A66D-D32FBE8A186A}
	EndGlobalSection
EndGlobal
